
Microsoft Visual Studio Solution File, Format Version 12.00
# Visual Studio Version 17
VisualStudioVersion = 17.14.36109.1 d17.14
MinimumVisualStudioVersion = 10.0.40219.1
Project("{FAE04EC0-301F-11D3-BF4B-00C04F79EFBC}") = "DZ12_1", "DZ12_1\DZ12_1.csproj", "{2D0D65FC-1D00-4321-BC55-2643A30D3BC5}"
EndProject
Global
	GlobalSection(SolutionConfigurationPlatforms) = preSolution
		Debug|Any CPU = Debug|Any CPU
		Release|Any CPU = Release|Any CPU
	EndGlobalSection
	GlobalSection(ProjectConfigurationPlatforms) = postSolution
		{2D0D65FC-1D00-4321-BC55-2643A30D3BC5}.Debug|Any CPU.ActiveCfg = Debug|Any CPU
		{2D0D65FC-1D00-4321-BC55-2643A30D3BC5}.Debug|Any CPU.Build.0 = Debug|Any CPU
		{2D0D65FC-1D00-4321-BC55-2643A30D3BC5}.Release|Any CPU.ActiveCfg = Release|Any CPU
		{2D0D65FC-1D00-4321-BC55-2643A30D3BC5}.Release|Any CPU.Build.0 = Release|Any CPU
	EndGlobalSection
	GlobalSection(SolutionProperties) = preSolution
		HideSolutionNode = FALSE
	EndGlobalSection
	GlobalSection(ExtensibilityGlobals) = postSolution
		SolutionGuid = {38F3E7A0-D44A-4FC8-9811-F86418477072}
	EndGlobalSection
EndGlobal
