
Microsoft Visual Studio Solution File, Format Version 12.00
# Visual Studio Version 17
VisualStudioVersion = 17.14.36121.58 d17.14
MinimumVisualStudioVersion = 10.0.40219.1
Project("{FAE04EC0-301F-11D3-BF4B-00C04F79EFBC}") = "DZ07", "DZ07\DZ07.csproj", "{D86EC029-7D1D-4875-97AC-AB0D2CDD9AAA}"
EndProject
Global
	GlobalSection(SolutionConfigurationPlatforms) = preSolution
		Debug|Any CPU = Debug|Any CPU
		Release|Any CPU = Release|Any CPU
	EndGlobalSection
	GlobalSection(ProjectConfigurationPlatforms) = postSolution
		{D86EC029-7D1D-4875-97AC-AB0D2CDD9AAA}.Debug|Any CPU.ActiveCfg = Debug|Any CPU
		{D86EC029-7D1D-4875-97AC-AB0D2CDD9AAA}.Debug|Any CPU.Build.0 = Debug|Any CPU
		{D86EC029-7D1D-4875-97AC-AB0D2CDD9AAA}.Release|Any CPU.ActiveCfg = Release|Any CPU
		{D86EC029-7D1D-4875-97AC-AB0D2CDD9AAA}.Release|Any CPU.Build.0 = Release|Any CPU
	EndGlobalSection
	GlobalSection(SolutionProperties) = preSolution
		HideSolutionNode = FALSE
	EndGlobalSection
	GlobalSection(ExtensibilityGlobals) = postSolution
		SolutionGuid = {E94109E1-9BD7-4BD9-8A2D-2FB502583B38}
	EndGlobalSection
EndGlobal
